
Microsoft Visual Studio Solution File, Format Version 12.00
# Visual Studio Version 16
VisualStudioVersion = 16.0.33529.622
MinimumVisualStudioVersion = 10.0.40219.1
Project("{FAE04EC0-301F-11D3-BF4B-00C04F79EFBC}") = "ConsoleApp3", "ConsoleApp3\ConsoleApp3.csproj", "{55D68113-B0B3-433A-9D5F-9800D84FEAEC}"
EndProject
Global
	GlobalSection(SolutionConfigurationPlatforms) = preSolution
		Debug|Any CPU = Debug|Any CPU
		Release|Any CPU = Release|Any CPU
	EndGlobalSection
	GlobalSection(ProjectConfigurationPlatforms) = postSolution
		{55D68113-B0B3-433A-9D5F-9800D84FEAEC}.Debug|Any CPU.ActiveCfg = Debug|Any CPU
		{55D68113-B0B3-433A-9D5F-9800D84FEAEC}.Debug|Any CPU.Build.0 = Debug|Any CPU
		{55D68113-B0B3-433A-9D5F-9800D84FEAEC}.Release|Any CPU.ActiveCfg = Release|Any CPU
		{55D68113-B0B3-433A-9D5F-9800D84FEAEC}.Release|Any CPU.Build.0 = Release|Any CPU
	EndGlobalSection
	GlobalSection(SolutionProperties) = preSolution
		HideSolutionNode = FALSE
	EndGlobalSection
	GlobalSection(ExtensibilityGlobals) = postSolution
		SolutionGuid = {2B700F76-F0A6-4509-B0A8-2E297D74D9EA}
	EndGlobalSection
EndGlobal
